// !$*UTF8*$!
{
	archiveVersion = 1;
	classes = {
	};
	objectVersion = 50;
	objects = {

/* Begin PBXBuildFile section */
		5AED72A40C934E17F902E50E /* Pods_Application.framework in Frameworks */ = {isa = PBXBuildFile; fileRef = 1B55729F628BB7A2B4BCCA36 /* Pods_Application.framework */; };
		80E265B406DC9FBA8D8C7FEC /* Pods_Application_ApplicationUITests.framework in Frameworks */ = {isa = PBXBuildFile; fileRef = 555D950CA700C034FC8C002A /* Pods_Application_ApplicationUITests.framework */; };
		A49D3AA52641F4E900519654 /* AppDelegate.swift in Sources */ = {isa = PBXBuildFile; fileRef = A49D3AA42641F4E900519654 /* AppDelegate.swift */; };
		A49D3AA72641F4E900519654 /* SceneDelegate.swift in Sources */ = {isa = PBXBuildFile; fileRef = A49D3AA62641F4E900519654 /* SceneDelegate.swift */; };
		A49D3AA92641F4E900519654 /* ViewController.swift in Sources */ = {isa = PBXBuildFile; fileRef = A49D3AA82641F4E900519654 /* ViewController.swift */; };
		A49D3AAC2641F4E900519654 /* Main.storyboard in Resources */ = {isa = PBXBuildFile; fileRef = A49D3AAA2641F4E900519654 /* Main.storyboard */; };
		A49D3AAE2641F4EB00519654 /* Assets.xcassets in Resources */ = {isa = PBXBuildFile; fileRef = A49D3AAD2641F4EB00519654 /* Assets.xcassets */; };
		A49D3AB12641F4EB00519654 /* LaunchScreen.storyboard in Resources */ = {isa = PBXBuildFile; fileRef = A49D3AAF2641F4EB00519654 /* LaunchScreen.storyboard */; };
		A49D3ABC2641F4EB00519654 /* ApplicationTests.swift in Sources */ = {isa = PBXBuildFile; fileRef = A49D3ABB2641F4EB00519654 /* ApplicationTests.swift */; };
		A49D3AC72641F4EB00519654 /* ApplicationUITests.swift in Sources */ = {isa = PBXBuildFile; fileRef = A49D3AC62641F4EB00519654 /* ApplicationUITests.swift */; };
		F339BDC362E76CC9D5254112 /* Pods_ApplicationTests.framework in Frameworks */ = {isa = PBXBuildFile; fileRef = 48DC2FF094EB2DDB76F4875D /* Pods_ApplicationTests.framework */; };
/* End PBXBuildFile section */

/* Begin PBXContainerItemProxy section */
		A49D3AB82641F4EB00519654 /* PBXContainerItemProxy */ = {
			isa = PBXContainerItemProxy;
			containerPortal = A49D3A992641F4E900519654 /* Project object */;
			proxyType = 1;
			remoteGlobalIDString = A49D3AA02641F4E900519654;
			remoteInfo = Application;
		};
		A49D3AC32641F4EB00519654 /* PBXContainerItemProxy */ = {
			isa = PBXContainerItemProxy;
			containerPortal = A49D3A992641F4E900519654 /* Project object */;
			proxyType = 1;
			remoteGlobalIDString = A49D3AA02641F4E900519654;
			remoteInfo = Application;
		};
/* End PBXContainerItemProxy section */

/* Begin PBXFileReference section */
		000B48DAE96FE1282B0BBE88 /* Pods-Application-ApplicationUITests.debug.xcconfig */ = {isa = PBXFileReference; includeInIndex = 1; lastKnownFileType = text.xcconfig; name = "Pods-Application-ApplicationUITests.debug.xcconfig"; path = "Target Support Files/Pods-Application-ApplicationUITests/Pods-Application-ApplicationUITests.debug.xcconfig"; sourceTree = "<group>"; };
		11487EB1D7C61230C6F23AD5 /* Pods-ApplicationUITests.debug.xcconfig */ = {isa = PBXFileReference; includeInIndex = 1; lastKnownFileType = text.xcconfig; name = "Pods-ApplicationUITests.debug.xcconfig"; path = "Target Support Files/Pods-ApplicationUITests/Pods-ApplicationUITests.debug.xcconfig"; sourceTree = "<group>"; };
		156955E2BE748AF6B83E0DF4 /* Pods-Application.debug.xcconfig */ = {isa = PBXFileReference; includeInIndex = 1; lastKnownFileType = text.xcconfig; name = "Pods-Application.debug.xcconfig"; path = "Target Support Files/Pods-Application/Pods-Application.debug.xcconfig"; sourceTree = "<group>"; };
		1B55729F628BB7A2B4BCCA36 /* Pods_Application.framework */ = {isa = PBXFileReference; explicitFileType = wrapper.framework; includeInIndex = 0; path = Pods_Application.framework; sourceTree = BUILT_PRODUCTS_DIR; };
		2F175BE67EBA51CEF782BD89 /* Pods-ApplicationTests.debug.xcconfig */ = {isa = PBXFileReference; includeInIndex = 1; lastKnownFileType = text.xcconfig; name = "Pods-ApplicationTests.debug.xcconfig"; path = "Target Support Files/Pods-ApplicationTests/Pods-ApplicationTests.debug.xcconfig"; sourceTree = "<group>"; };
		3F97CCB4302F5EA0C3CDB942 /* Pods-Application.release.xcconfig */ = {isa = PBXFileReference; includeInIndex = 1; lastKnownFileType = text.xcconfig; name = "Pods-Application.release.xcconfig"; path = "Target Support Files/Pods-Application/Pods-Application.release.xcconfig"; sourceTree = "<group>"; };
		48DC2FF094EB2DDB76F4875D /* Pods_ApplicationTests.framework */ = {isa = PBXFileReference; explicitFileType = wrapper.framework; includeInIndex = 0; path = Pods_ApplicationTests.framework; sourceTree = BUILT_PRODUCTS_DIR; };
		555D950CA700C034FC8C002A /* Pods_Application_ApplicationUITests.framework */ = {isa = PBXFileReference; explicitFileType = wrapper.framework; includeInIndex = 0; path = Pods_Application_ApplicationUITests.framework; sourceTree = BUILT_PRODUCTS_DIR; };
		A49D3AA12641F4E900519654 /* Application.app */ = {isa = PBXFileReference; explicitFileType = wrapper.application; includeInIndex = 0; path = Application.app; sourceTree = BUILT_PRODUCTS_DIR; };
		A49D3AA42641F4E900519654 /* AppDelegate.swift */ = {isa = PBXFileReference; lastKnownFileType = sourcecode.swift; path = AppDelegate.swift; sourceTree = "<group>"; };
		A49D3AA62641F4E900519654 /* SceneDelegate.swift */ = {isa = PBXFileReference; lastKnownFileType = sourcecode.swift; path = SceneDelegate.swift; sourceTree = "<group>"; };
		A49D3AA82641F4E900519654 /* ViewController.swift */ = {isa = PBXFileReference; lastKnownFileType = sourcecode.swift; path = ViewController.swift; sourceTree = "<group>"; };
		A49D3AAB2641F4E900519654 /* Base */ = {isa = PBXFileReference; lastKnownFileType = file.storyboard; name = Base; path = Base.lproj/Main.storyboard; sourceTree = "<group>"; };
		A49D3AAD2641F4EB00519654 /* Assets.xcassets */ = {isa = PBXFileReference; lastKnownFileType = folder.assetcatalog; path = Assets.xcassets; sourceTree = "<group>"; };
		A49D3AB02641F4EB00519654 /* Base */ = {isa = PBXFileReference; lastKnownFileType = file.storyboard; name = Base; path = Base.lproj/LaunchScreen.storyboard; sourceTree = "<group>"; };
		A49D3AB22641F4EB00519654 /* Info.plist */ = {isa = PBXFileReference; lastKnownFileType = text.plist.xml; path = Info.plist; sourceTree = "<group>"; };
		A49D3AB72641F4EB00519654 /* ApplicationTests.xctest */ = {isa = PBXFileReference; explicitFileType = wrapper.cfbundle; includeInIndex = 0; path = ApplicationTests.xctest; sourceTree = BUILT_PRODUCTS_DIR; };
		A49D3ABB2641F4EB00519654 /* ApplicationTests.swift */ = {isa = PBXFileReference; lastKnownFileType = sourcecode.swift; path = ApplicationTests.swift; sourceTree = "<group>"; };
		A49D3ABD2641F4EB00519654 /* Info.plist */ = {isa = PBXFileReference; lastKnownFileType = text.plist.xml; path = Info.plist; sourceTree = "<group>"; };
		A49D3AC22641F4EB00519654 /* ApplicationUITests.xctest */ = {isa = PBXFileReference; explicitFileType = wrapper.cfbundle; includeInIndex = 0; path = ApplicationUITests.xctest; sourceTree = BUILT_PRODUCTS_DIR; };
		A49D3AC62641F4EB00519654 /* ApplicationUITests.swift */ = {isa = PBXFileReference; lastKnownFileType = sourcecode.swift; path = ApplicationUITests.swift; sourceTree = "<group>"; };
		A49D3AC82641F4EB00519654 /* Info.plist */ = {isa = PBXFileReference; lastKnownFileType = text.plist.xml; path = Info.plist; sourceTree = "<group>"; };
		C07F62FB45FDB674C26F4846 /* Pods-ApplicationUITests.release.xcconfig */ = {isa = PBXFileReference; includeInIndex = 1; lastKnownFileType = text.xcconfig; name = "Pods-ApplicationUITests.release.xcconfig"; path = "Target Support Files/Pods-ApplicationUITests/Pods-ApplicationUITests.release.xcconfig"; sourceTree = "<group>"; };
		D19722489C257F52CFE2E1B9 /* Pods-Application-ApplicationUITests.release.xcconfig */ = {isa = PBXFileReference; includeInIndex = 1; lastKnownFileType = text.xcconfig; name = "Pods-Application-ApplicationUITests.release.xcconfig"; path = "Target Support Files/Pods-Application-ApplicationUITests/Pods-Application-ApplicationUITests.release.xcconfig"; sourceTree = "<group>"; };
		FC042747E3202A89B552E061 /* Pods-ApplicationTests.release.xcconfig */ = {isa = PBXFileReference; includeInIndex = 1; lastKnownFileType = text.xcconfig; name = "Pods-ApplicationTests.release.xcconfig"; path = "Target Support Files/Pods-ApplicationTests/Pods-ApplicationTests.release.xcconfig"; sourceTree = "<group>"; };
/* End PBXFileReference section */

/* Begin PBXFrameworksBuildPhase section */
		A49D3A9E2641F4E900519654 /* Frameworks */ = {
			isa = PBXFrameworksBuildPhase;
			buildActionMask = 2147483647;
			files = (
				5AED72A40C934E17F902E50E /* Pods_Application.framework in Frameworks */,
			);
			runOnlyForDeploymentPostprocessing = 0;
		};
		A49D3AB42641F4EB00519654 /* Frameworks */ = {
			isa = PBXFrameworksBuildPhase;
			buildActionMask = 2147483647;
			files = (
				F339BDC362E76CC9D5254112 /* Pods_ApplicationTests.framework in Frameworks */,
			);
			runOnlyForDeploymentPostprocessing = 0;
		};
		A49D3ABF2641F4EB00519654 /* Frameworks */ = {
			isa = PBXFrameworksBuildPhase;
			buildActionMask = 2147483647;
			files = (
				80E265B406DC9FBA8D8C7FEC /* Pods_Application_ApplicationUITests.framework in Frameworks */,
			);
			runOnlyForDeploymentPostprocessing = 0;
		};
/* End PBXFrameworksBuildPhase section */

/* Begin PBXGroup section */
		004E810E86BE2D3D842DDB53 /* Pods */ = {
			isa = PBXGroup;
			children = (
				000B48DAE96FE1282B0BBE88 /* Pods-Application-ApplicationUITests.debug.xcconfig */,
				D19722489C257F52CFE2E1B9 /* Pods-Application-ApplicationUITests.release.xcconfig */,
				2F175BE67EBA51CEF782BD89 /* Pods-ApplicationTests.debug.xcconfig */,
				FC042747E3202A89B552E061 /* Pods-ApplicationTests.release.xcconfig */,
				11487EB1D7C61230C6F23AD5 /* Pods-ApplicationUITests.debug.xcconfig */,
				C07F62FB45FDB674C26F4846 /* Pods-ApplicationUITests.release.xcconfig */,
				156955E2BE748AF6B83E0DF4 /* Pods-Application.debug.xcconfig */,
				3F97CCB4302F5EA0C3CDB942 /* Pods-Application.release.xcconfig */,
			);
			name = Pods;
			path = ../Pods;
			sourceTree = "<group>";
		};
		51BAFBE93B389ACC6A17715E /* Frameworks */ = {
			isa = PBXGroup;
			children = (
				48DC2FF094EB2DDB76F4875D /* Pods_ApplicationTests.framework */,
				1B55729F628BB7A2B4BCCA36 /* Pods_Application.framework */,
				555D950CA700C034FC8C002A /* Pods_Application_ApplicationUITests.framework */,
			);
			name = Frameworks;
			sourceTree = "<group>";
		};
		A49D3A982641F4E900519654 = {
			isa = PBXGroup;
			children = (
				A49D3AA32641F4E900519654 /* Application */,
				A49D3ABA2641F4EB00519654 /* ApplicationTests */,
				A49D3AC52641F4EB00519654 /* ApplicationUITests */,
				A49D3AA22641F4E900519654 /* Products */,
				004E810E86BE2D3D842DDB53 /* Pods */,
				51BAFBE93B389ACC6A17715E /* Frameworks */,
			);
			sourceTree = "<group>";
		};
		A49D3AA22641F4E900519654 /* Products */ = {
			isa = PBXGroup;
			children = (
				A49D3AA12641F4E900519654 /* Application.app */,
				A49D3AB72641F4EB00519654 /* ApplicationTests.xctest */,
				A49D3AC22641F4EB00519654 /* ApplicationUITests.xctest */,
			);
			name = Products;
			sourceTree = "<group>";
		};
		A49D3AA32641F4E900519654 /* Application */ = {
			isa = PBXGroup;
			children = (
				A49D3AA42641F4E900519654 /* AppDelegate.swift */,
				A49D3AA62641F4E900519654 /* SceneDelegate.swift */,
				A49D3AA82641F4E900519654 /* ViewController.swift */,
				A49D3AAA2641F4E900519654 /* Main.storyboard */,
				A49D3AAD2641F4EB00519654 /* Assets.xcassets */,
				A49D3AAF2641F4EB00519654 /* LaunchScreen.storyboard */,
				A49D3AB22641F4EB00519654 /* Info.plist */,
			);
			path = Application;
			sourceTree = "<group>";
		};
		A49D3ABA2641F4EB00519654 /* ApplicationTests */ = {
			isa = PBXGroup;
			children = (
				A49D3ABB2641F4EB00519654 /* ApplicationTests.swift */,
				A49D3ABD2641F4EB00519654 /* Info.plist */,
			);
			path = ApplicationTests;
			sourceTree = "<group>";
		};
		A49D3AC52641F4EB00519654 /* ApplicationUITests */ = {
			isa = PBXGroup;
			children = (
				A49D3AC62641F4EB00519654 /* ApplicationUITests.swift */,
				A49D3AC82641F4EB00519654 /* Info.plist */,
			);
			path = ApplicationUITests;
			sourceTree = "<group>";
		};
/* End PBXGroup section */

/* Begin PBXNativeTarget section */
		A49D3AA02641F4E900519654 /* Application */ = {
			isa = PBXNativeTarget;
			buildConfigurationList = A49D3ACB2641F4EB00519654 /* Build configuration list for PBXNativeTarget "Application" */;
			buildPhases = (
				9436A6688654B30E7BBB90DC /* [CP] Check Pods Manifest.lock */,
				A49D3A9D2641F4E900519654 /* Sources */,
				A49D3A9E2641F4E900519654 /* Frameworks */,
				A49D3A9F2641F4E900519654 /* Resources */,
			);
			buildRules = (
			);
			dependencies = (
			);
			name = Application;
			productName = Application;
			productReference = A49D3AA12641F4E900519654 /* Application.app */;
			productType = "com.apple.product-type.application";
		};
		A49D3AB62641F4EB00519654 /* ApplicationTests */ = {
			isa = PBXNativeTarget;
			buildConfigurationList = A49D3ACE2641F4EB00519654 /* Build configuration list for PBXNativeTarget "ApplicationTests" */;
			buildPhases = (
				964A0A06939612078A3194C6 /* [CP] Check Pods Manifest.lock */,
				A49D3AB32641F4EB00519654 /* Sources */,
				A49D3AB42641F4EB00519654 /* Frameworks */,
				A49D3AB52641F4EB00519654 /* Resources */,
			);
			buildRules = (
			);
			dependencies = (
				A49D3AB92641F4EB00519654 /* PBXTargetDependency */,
			);
			name = ApplicationTests;
			productName = ApplicationTests;
			productReference = A49D3AB72641F4EB00519654 /* ApplicationTests.xctest */;
			productType = "com.apple.product-type.bundle.unit-test";
		};
		A49D3AC12641F4EB00519654 /* ApplicationUITests */ = {
			isa = PBXNativeTarget;
			buildConfigurationList = A49D3AD12641F4EB00519654 /* Build configuration list for PBXNativeTarget "ApplicationUITests" */;
			buildPhases = (
				AF4303FE6D1E18E0D9710594 /* [CP] Check Pods Manifest.lock */,
				A49D3ABE2641F4EB00519654 /* Sources */,
				A49D3ABF2641F4EB00519654 /* Frameworks */,
				A49D3AC02641F4EB00519654 /* Resources */,
			);
			buildRules = (
			);
			dependencies = (
				A49D3AC42641F4EB00519654 /* PBXTargetDependency */,
			);
			name = ApplicationUITests;
			productName = ApplicationUITests;
			productReference = A49D3AC22641F4EB00519654 /* ApplicationUITests.xctest */;
			productType = "com.apple.product-type.bundle.ui-testing";
		};
/* End PBXNativeTarget section */

/* Begin PBXProject section */
		A49D3A992641F4E900519654 /* Project object */ = {
			isa = PBXProject;
			attributes = {
				LastSwiftUpdateCheck = 1250;
				LastUpgradeCheck = 1250;
				TargetAttributes = {
					A49D3AA02641F4E900519654 = {
						CreatedOnToolsVersion = 12.5;
					};
					A49D3AB62641F4EB00519654 = {
						CreatedOnToolsVersion = 12.5;
						TestTargetID = A49D3AA02641F4E900519654;
					};
					A49D3AC12641F4EB00519654 = {
						CreatedOnToolsVersion = 12.5;
						TestTargetID = A49D3AA02641F4E900519654;
					};
				};
			};
			buildConfigurationList = A49D3A9C2641F4E900519654 /* Build configuration list for PBXProject "Application" */;
			compatibilityVersion = "Xcode 9.3";
			developmentRegion = en;
			hasScannedForEncodings = 0;
			knownRegions = (
				en,
				Base,
			);
			mainGroup = A49D3A982641F4E900519654;
			productRefGroup = A49D3AA22641F4E900519654 /* Products */;
			projectDirPath = "";
			projectRoot = "";
			targets = (
				A49D3AA02641F4E900519654 /* Application */,
				A49D3AB62641F4EB00519654 /* ApplicationTests */,
				A49D3AC12641F4EB00519654 /* ApplicationUITests */,
			);
		};
/* End PBXProject section */

/* Begin PBXResourcesBuildPhase section */
		A49D3A9F2641F4E900519654 /* Resources */ = {
			isa = PBXResourcesBuildPhase;
			buildActionMask = 2147483647;
			files = (
				A49D3AB12641F4EB00519654 /* LaunchScreen.storyboard in Resources */,
				A49D3AAE2641F4EB00519654 /* Assets.xcassets in Resources */,
				A49D3AAC2641F4E900519654 /* Main.storyboard in Resources */,
			);
			runOnlyForDeploymentPostprocessing = 0;
		};
		A49D3AB52641F4EB00519654 /* Resources */ = {
			isa = PBXResourcesBuildPhase;
			buildActionMask = 2147483647;
			files = (
			);
			runOnlyForDeploymentPostprocessing = 0;
		};
		A49D3AC02641F4EB00519654 /* Resources */ = {
			isa = PBXResourcesBuildPhase;
			buildActionMask = 2147483647;
			files = (
			);
			runOnlyForDeploymentPostprocessing = 0;
		};
/* End PBXResourcesBuildPhase section */

/* Begin PBXShellScriptBuildPhase section */
		9436A6688654B30E7BBB90DC /* [CP] Check Pods Manifest.lock */ = {
			isa = PBXShellScriptBuildPhase;
			buildActionMask = 2147483647;
			files = (
			);
			inputFileListPaths = (
			);
			inputPaths = (
				"${PODS_PODFILE_DIR_PATH}/Podfile.lock",
				"${PODS_ROOT}/Manifest.lock",
			);
			name = "[CP] Check Pods Manifest.lock";
			outputFileListPaths = (
			);
			outputPaths = (
				"$(DERIVED_FILE_DIR)/Pods-Application-checkManifestLockResult.txt",
			);
			runOnlyForDeploymentPostprocessing = 0;
			shellPath = /bin/sh;
			shellScript = "diff \"${PODS_PODFILE_DIR_PATH}/Podfile.lock\" \"${PODS_ROOT}/Manifest.lock\" > /dev/null\nif [ $? != 0 ] ; then\n    # print error to STDERR\n    echo \"error: The sandbox is not in sync with the Podfile.lock. Run 'pod install' or update your CocoaPods installation.\" >&2\n    exit 1\nfi\n# This output is used by Xcode 'outputs' to avoid re-running this script phase.\necho \"SUCCESS\" > \"${SCRIPT_OUTPUT_FILE_0}\"\n";
			showEnvVarsInLog = 0;
		};
		964A0A06939612078A3194C6 /* [CP] Check Pods Manifest.lock */ = {
			isa = PBXShellScriptBuildPhase;
			buildActionMask = 2147483647;
			files = (
			);
			inputFileListPaths = (
			);
			inputPaths = (
				"${PODS_PODFILE_DIR_PATH}/Podfile.lock",
				"${PODS_ROOT}/Manifest.lock",
			);
			name = "[CP] Check Pods Manifest.lock";
			outputFileListPaths = (
			);
			outputPaths = (
				"$(DERIVED_FILE_DIR)/Pods-ApplicationTests-checkManifestLockResult.txt",
			);
			runOnlyForDeploymentPostprocessing = 0;
			shellPath = /bin/sh;
			shellScript = "diff \"${PODS_PODFILE_DIR_PATH}/Podfile.lock\" \"${PODS_ROOT}/Manifest.lock\" > /dev/null\nif [ $? != 0 ] ; then\n    # print error to STDERR\n    echo \"error: The sandbox is not in sync with the Podfile.lock. Run 'pod install' or update your CocoaPods installation.\" >&2\n    exit 1\nfi\n# This output is used by Xcode 'outputs' to avoid re-running this script phase.\necho \"SUCCESS\" > \"${SCRIPT_OUTPUT_FILE_0}\"\n";
			showEnvVarsInLog = 0;
		};
		AF4303FE6D1E18E0D9710594 /* [CP] Check Pods Manifest.lock */ = {
			isa = PBXShellScriptBuildPhase;
			buildActionMask = 2147483647;
			files = (
			);
			inputFileListPaths = (
			);
			inputPaths = (
				"${PODS_PODFILE_DIR_PATH}/Podfile.lock",
				"${PODS_ROOT}/Manifest.lock",
			);
			name = "[CP] Check Pods Manifest.lock";
			outputFileListPaths = (
			);
			outputPaths = (
				"$(DERIVED_FILE_DIR)/Pods-Application-ApplicationUITests-checkManifestLockResult.txt",
			);
			runOnlyForDeploymentPostprocessing = 0;
			shellPath = /bin/sh;
			shellScript = "diff \"${PODS_PODFILE_DIR_PATH}/Podfile.lock\" \"${PODS_ROOT}/Manifest.lock\" > /dev/null\nif [ $? != 0 ] ; then\n    # print error to STDERR\n    echo \"error: The sandbox is not in sync with the Podfile.lock. Run 'pod install' or update your CocoaPods installation.\" >&2\n    exit 1\nfi\n# This output is used by Xcode 'outputs' to avoid re-running this script phase.\necho \"SUCCESS\" > \"${SCRIPT_OUTPUT_FILE_0}\"\n";
			showEnvVarsInLog = 0;
		};
/* End PBXShellScriptBuildPhase section */

/* Begin PBXSourcesBuildPhase section */
		A49D3A9D2641F4E900519654 /* Sources */ = {
			isa = PBXSourcesBuildPhase;
			buildActionMask = 2147483647;
			files = (
				A49D3AA92641F4E900519654 /* ViewController.swift in Sources */,
				A49D3AA52641F4E900519654 /* AppDelegate.swift in Sources */,
				A49D3AA72641F4E900519654 /* SceneDelegate.swift in Sources */,
			);
			runOnlyForDeploymentPostprocessing = 0;
		};
		A49D3AB32641F4EB00519654 /* Sources */ = {
			isa = PBXSourcesBuildPhase;
			buildActionMask = 2147483647;
			files = (
				A49D3ABC2641F4EB00519654 /* ApplicationTests.swift in Sources */,
			);
			runOnlyForDeploymentPostprocessing = 0;
		};
		A49D3ABE2641F4EB00519654 /* Sources */ = {
			isa = PBXSourcesBuildPhase;
			buildActionMask = 2147483647;
			files = (
				A49D3AC72641F4EB00519654 /* ApplicationUITests.swift in Sources */,
			);
			runOnlyForDeploymentPostprocessing = 0;
		};
/* End PBXSourcesBuildPhase section */

/* Begin PBXTargetDependency section */
		A49D3AB92641F4EB00519654 /* PBXTargetDependency */ = {
			isa = PBXTargetDependency;
			target = A49D3AA02641F4E900519654 /* Application */;
			targetProxy = A49D3AB82641F4EB00519654 /* PBXContainerItemProxy */;
		};
		A49D3AC42641F4EB00519654 /* PBXTargetDependency */ = {
			isa = PBXTargetDependency;
			target = A49D3AA02641F4E900519654 /* Application */;
			targetProxy = A49D3AC32641F4EB00519654 /* PBXContainerItemProxy */;
		};
/* End PBXTargetDependency section */

/* Begin PBXVariantGroup section */
		A49D3AAA2641F4E900519654 /* Main.storyboard */ = {
			isa = PBXVariantGroup;
			children = (
				A49D3AAB2641F4E900519654 /* Base */,
			);
			name = Main.storyboard;
			sourceTree = "<group>";
		};
		A49D3AAF2641F4EB00519654 /* LaunchScreen.storyboard */ = {
			isa = PBXVariantGroup;
			children = (
				A49D3AB02641F4EB00519654 /* Base */,
			);
			name = LaunchScreen.storyboard;
			sourceTree = "<group>";
		};
/* End PBXVariantGroup section */

/* Begin XCBuildConfiguration section */
		A49D3AC92641F4EB00519654 /* Debug */ = {
			isa = XCBuildConfiguration;
			buildSettings = {
				ALWAYS_SEARCH_USER_PATHS = NO;
				CLANG_ANALYZER_NONNULL = YES;
				CLANG_ANALYZER_NUMBER_OBJECT_CONVERSION = YES_AGGRESSIVE;
				CLANG_CXX_LANGUAGE_STANDARD = "gnu++14";
				CLANG_CXX_LIBRARY = "libc++";
				CLANG_ENABLE_MODULES = YES;
				CLANG_ENABLE_OBJC_ARC = YES;
				CLANG_ENABLE_OBJC_WEAK = YES;
				CLANG_WARN_BLOCK_CAPTURE_AUTORELEASING = YES;
				CLANG_WARN_BOOL_CONVERSION = YES;
				CLANG_WARN_COMMA = YES;
				CLANG_WARN_CONSTANT_CONVERSION = YES;
				CLANG_WARN_DEPRECATED_OBJC_IMPLEMENTATIONS = YES;
				CLANG_WARN_DIRECT_OBJC_ISA_USAGE = YES_ERROR;
				CLANG_WARN_DOCUMENTATION_COMMENTS = YES;
				CLANG_WARN_EMPTY_BODY = YES;
				CLANG_WARN_ENUM_CONVERSION = YES;
				CLANG_WARN_INFINITE_RECURSION = YES;
				CLANG_WARN_INT_CONVERSION = YES;
				CLANG_WARN_NON_LITERAL_NULL_CONVERSION = YES;
				CLANG_WARN_OBJC_IMPLICIT_RETAIN_SELF = YES;
				CLANG_WARN_OBJC_LITERAL_CONVERSION = YES;
				CLANG_WARN_OBJC_ROOT_CLASS = YES_ERROR;
				CLANG_WARN_QUOTED_INCLUDE_IN_FRAMEWORK_HEADER = YES;
				CLANG_WARN_RANGE_LOOP_ANALYSIS = YES;
				CLANG_WARN_STRICT_PROTOTYPES = YES;
				CLANG_WARN_SUSPICIOUS_MOVE = YES;
				CLANG_WARN_UNGUARDED_AVAILABILITY = YES_AGGRESSIVE;
				CLANG_WARN_UNREACHABLE_CODE = YES;
				CLANG_WARN__DUPLICATE_METHOD_MATCH = YES;
				COPY_PHASE_STRIP = NO;
				DEBUG_INFORMATION_FORMAT = dwarf;
				ENABLE_STRICT_OBJC_MSGSEND = YES;
				ENABLE_TESTABILITY = YES;
				GCC_C_LANGUAGE_STANDARD = gnu11;
				GCC_DYNAMIC_NO_PIC = NO;
				GCC_NO_COMMON_BLOCKS = YES;
				GCC_OPTIMIZATION_LEVEL = 0;
				GCC_PREPROCESSOR_DEFINITIONS = (
					"DEBUG=1",
					"$(inherited)",
				);
				GCC_WARN_64_TO_32_BIT_CONVERSION = YES;
				GCC_WARN_ABOUT_RETURN_TYPE = YES_ERROR;
				GCC_WARN_UNDECLARED_SELECTOR = YES;
				GCC_WARN_UNINITIALIZED_AUTOS = YES_AGGRESSIVE;
				GCC_WARN_UNUSED_FUNCTION = YES;
				GCC_WARN_UNUSED_VARIABLE = YES;
				IPHONEOS_DEPLOYMENT_TARGET = 14.5;
				MTL_ENABLE_DEBUG_INFO = INCLUDE_SOURCE;
				MTL_FAST_MATH = YES;
				ONLY_ACTIVE_ARCH = YES;
				SDKROOT = iphoneos;
				SWIFT_ACTIVE_COMPILATION_CONDITIONS = DEBUG;
				SWIFT_OPTIMIZATION_LEVEL = "-Onone";
			};
			name = Debug;
		};
		A49D3ACA2641F4EB00519654 /* Release */ = {
			isa = XCBuildConfiguration;
			buildSettings = {
				ALWAYS_SEARCH_USER_PATHS = NO;
				CLANG_ANALYZER_NONNULL = YES;
				CLANG_ANALYZER_NUMBER_OBJECT_CONVERSION = YES_AGGRESSIVE;
				CLANG_CXX_LANGUAGE_STANDARD = "gnu++14";
				CLANG_CXX_LIBRARY = "libc++";
				CLANG_ENABLE_MODULES = YES;
				CLANG_ENABLE_OBJC_ARC = YES;
				CLANG_ENABLE_OBJC_WEAK = YES;
				CLANG_WARN_BLOCK_CAPTURE_AUTORELEASING = YES;
				CLANG_WARN_BOOL_CONVERSION = YES;
				CLANG_WARN_COMMA = YES;
				CLANG_WARN_CONSTANT_CONVERSION = YES;
				CLANG_WARN_DEPRECATED_OBJC_IMPLEMENTATIONS = YES;
				CLANG_WARN_DIRECT_OBJC_ISA_USAGE = YES_ERROR;
				CLANG_WARN_DOCUMENTATION_COMMENTS = YES;
				CLANG_WARN_EMPTY_BODY = YES;
				CLANG_WARN_ENUM_CONVERSION = YES;
				CLANG_WARN_INFINITE_RECURSION = YES;
				CLANG_WARN_INT_CONVERSION = YES;
				CLANG_WARN_NON_LITERAL_NULL_CONVERSION = YES;
				CLANG_WARN_OBJC_IMPLICIT_RETAIN_SELF = YES;
				CLANG_WARN_OBJC_LITERAL_CONVERSION = YES;
				CLANG_WARN_OBJC_ROOT_CLASS = YES_ERROR;
				CLANG_WARN_QUOTED_INCLUDE_IN_FRAMEWORK_HEADER = YES;
				CLANG_WARN_RANGE_LOOP_ANALYSIS = YES;
				CLANG_WARN_STRICT_PROTOTYPES = YES;
				CLANG_WARN_SUSPICIOUS_MOVE = YES;
				CLANG_WARN_UNGUARDED_AVAILABILITY = YES_AGGRESSIVE;
				CLANG_WARN_UNREACHABLE_CODE = YES;
				CLANG_WARN__DUPLICATE_METHOD_MATCH = YES;
				COPY_PHASE_STRIP = NO;
				DEBUG_INFORMATION_FORMAT = "dwarf-with-dsym";
				ENABLE_NS_ASSERTIONS = NO;
				ENABLE_STRICT_OBJC_MSGSEND = YES;
				GCC_C_LANGUAGE_STANDARD = gnu11;
				GCC_NO_COMMON_BLOCKS = YES;
				GCC_WARN_64_TO_32_BIT_CONVERSION = YES;
				GCC_WARN_ABOUT_RETURN_TYPE = YES_ERROR;
				GCC_WARN_UNDECLARED_SELECTOR = YES;
				GCC_WARN_UNINITIALIZED_AUTOS = YES_AGGRESSIVE;
				GCC_WARN_UNUSED_FUNCTION = YES;
				GCC_WARN_UNUSED_VARIABLE = YES;
				IPHONEOS_DEPLOYMENT_TARGET = 14.5;
				MTL_ENABLE_DEBUG_INFO = NO;
				MTL_FAST_MATH = YES;
				SDKROOT = iphoneos;
				SWIFT_COMPILATION_MODE = wholemodule;
				SWIFT_OPTIMIZATION_LEVEL = "-O";
				VALIDATE_PRODUCT = YES;
			};
			name = Release;
		};
		A49D3ACC2641F4EB00519654 /* Debug */ = {
			isa = XCBuildConfiguration;
			baseConfigurationReference = 156955E2BE748AF6B83E0DF4 /* Pods-Application.debug.xcconfig */;
			buildSettings = {
				ASSETCATALOG_COMPILER_APPICON_NAME = AppIcon;
				ASSETCATALOG_COMPILER_GLOBAL_ACCENT_COLOR_NAME = AccentColor;
				CODE_SIGN_STYLE = Automatic;
				DEVELOPMENT_TEAM = 5KVHBZ5S3B;
				INFOPLIST_FILE = Application/Info.plist;
				LD_RUNPATH_SEARCH_PATHS = (
					"$(inherited)",
					"@executable_path/Frameworks",
				);
				PRODUCT_BUNDLE_IDENTIFIER = gmarson.Application;
				PRODUCT_NAME = "$(TARGET_NAME)";
				SWIFT_VERSION = 5.0;
				TARGETED_DEVICE_FAMILY = "1,2";
			};
			name = Debug;
		};
		A49D3ACD2641F4EB00519654 /* Release */ = {
			isa = XCBuildConfiguration;
			baseConfigurationReference = 3F97CCB4302F5EA0C3CDB942 /* Pods-Application.release.xcconfig */;
			buildSettings = {
				ASSETCATALOG_COMPILER_APPICON_NAME = AppIcon;
				ASSETCATALOG_COMPILER_GLOBAL_ACCENT_COLOR_NAME = AccentColor;
				CODE_SIGN_STYLE = Automatic;
				DEVELOPMENT_TEAM = 5KVHBZ5S3B;
				INFOPLIST_FILE = Application/Info.plist;
				LD_RUNPATH_SEARCH_PATHS = (
					"$(inherited)",
					"@executable_path/Frameworks",
				);
				PRODUCT_BUNDLE_IDENTIFIER = gmarson.Application;
				PRODUCT_NAME = "$(TARGET_NAME)";
				SWIFT_VERSION = 5.0;
				TARGETED_DEVICE_FAMILY = "1,2";
			};
			name = Release;
		};
		A49D3ACF2641F4EB00519654 /* Debug */ = {
			isa = XCBuildConfiguration;
			baseConfigurationReference = 2F175BE67EBA51CEF782BD89 /* Pods-ApplicationTests.debug.xcconfig */;
			buildSettings = {
				ALWAYS_EMBED_SWIFT_STANDARD_LIBRARIES = YES;
				BUNDLE_LOADER = "$(TEST_HOST)";
				CODE_SIGN_STYLE = Automatic;
				DEVELOPMENT_TEAM = 5KVHBZ5S3B;
				INFOPLIST_FILE = ApplicationTests/Info.plist;
				IPHONEOS_DEPLOYMENT_TARGET = 14.5;
				LD_RUNPATH_SEARCH_PATHS = (
					"$(inherited)",
					"@executable_path/Frameworks",
					"@loader_path/Frameworks",
				);
				PRODUCT_BUNDLE_IDENTIFIER = gmarson.ApplicationTests;
				PRODUCT_NAME = "$(TARGET_NAME)";
				SWIFT_VERSION = 5.0;
				TARGETED_DEVICE_FAMILY = "1,2";
				TEST_HOST = "$(BUILT_PRODUCTS_DIR)/Application.app/Application";
			};
			name = Debug;
		};
		A49D3AD02641F4EB00519654 /* Release */ = {
			isa = XCBuildConfiguration;
			baseConfigurationReference = FC042747E3202A89B552E061 /* Pods-ApplicationTests.release.xcconfig */;
			buildSettings = {
				ALWAYS_EMBED_SWIFT_STANDARD_LIBRARIES = YES;
				BUNDLE_LOADER = "$(TEST_HOST)";
				CODE_SIGN_STYLE = Automatic;
				DEVELOPMENT_TEAM = 5KVHBZ5S3B;
				INFOPLIST_FILE = ApplicationTests/Info.plist;
				IPHONEOS_DEPLOYMENT_TARGET = 14.5;
				LD_RUNPATH_SEARCH_PATHS = (
					"$(inherited)",
					"@executable_path/Frameworks",
					"@loader_path/Frameworks",
				);
				PRODUCT_BUNDLE_IDENTIFIER = gmarson.ApplicationTests;
				PRODUCT_NAME = "$(TARGET_NAME)";
				SWIFT_VERSION = 5.0;
				TARGETED_DEVICE_FAMILY = "1,2";
				TEST_HOST = "$(BUILT_PRODUCTS_DIR)/Application.app/Application";
			};
			name = Release;
		};
		A49D3AD22641F4EB00519654 /* Debug */ = {
			isa = XCBuildConfiguration;
			baseConfigurationReference = 000B48DAE96FE1282B0BBE88 /* Pods-Application-ApplicationUITests.debug.xcconfig */;
			buildSettings = {
				ALWAYS_EMBED_SWIFT_STANDARD_LIBRARIES = YES;
				CODE_SIGN_STYLE = Automatic;
				DEVELOPMENT_TEAM = 5KVHBZ5S3B;
				INFOPLIST_FILE = ApplicationUITests/Info.plist;
				LD_RUNPATH_SEARCH_PATHS = (
					"$(inherited)",
					"@executable_path/Frameworks",
					"@loader_path/Frameworks",
				);
				PRODUCT_BUNDLE_IDENTIFIER = gmarson.ApplicationUITests;
				PRODUCT_NAME = "$(TARGET_NAME)";
				SWIFT_VERSION = 5.0;
				TARGETED_DEVICE_FAMILY = "1,2";
				TEST_TARGET_NAME = Application;
			};
			name = Debug;
		};
		A49D3AD32641F4EB00519654 /* Release */ = {
			isa = XCBuildConfiguration;
			baseConfigurationReference = D19722489C257F52CFE2E1B9 /* Pods-Application-ApplicationUITests.release.xcconfig */;
			buildSettings = {
				ALWAYS_EMBED_SWIFT_STANDARD_LIBRARIES = YES;
				CODE_SIGN_STYLE = Automatic;
				DEVELOPMENT_TEAM = 5KVHBZ5S3B;
				INFOPLIST_FILE = ApplicationUITests/Info.plist;
				LD_RUNPATH_SEARCH_PATHS = (
					"$(inherited)",
					"@executable_path/Frameworks",
					"@loader_path/Frameworks",
				);
				PRODUCT_BUNDLE_IDENTIFIER = gmarson.ApplicationUITests;
				PRODUCT_NAME = "$(TARGET_NAME)";
				SWIFT_VERSION = 5.0;
				TARGETED_DEVICE_FAMILY = "1,2";
				TEST_TARGET_NAME = Application;
			};
			name = Release;
		};
/* End XCBuildConfiguration section */

/* Begin XCConfigurationList section */
		A49D3A9C2641F4E900519654 /* Build configuration list for PBXProject "Application" */ = {
			isa = XCConfigurationList;
			buildConfigurations = (
				A49D3AC92641F4EB00519654 /* Debug */,
				A49D3ACA2641F4EB00519654 /* Release */,
			);
			defaultConfigurationIsVisible = 0;
			defaultConfigurationName = Release;
		};
		A49D3ACB2641F4EB00519654 /* Build configuration list for PBXNativeTarget "Application" */ = {
			isa = XCConfigurationList;
			buildConfigurations = (
				A49D3ACC2641F4EB00519654 /* Debug */,
				A49D3ACD2641F4EB00519654 /* Release */,
			);
			defaultConfigurationIsVisible = 0;
			defaultConfigurationName = Release;
		};
		A49D3ACE2641F4EB00519654 /* Build configuration list for PBXNativeTarget "ApplicationTests" */ = {
			isa = XCConfigurationList;
			buildConfigurations = (
				A49D3ACF2641F4EB00519654 /* Debug */,
				A49D3AD02641F4EB00519654 /* Release */,
			);
			defaultConfigurationIsVisible = 0;
			defaultConfigurationName = Release;
		};
		A49D3AD12641F4EB00519654 /* Build configuration list for PBXNativeTarget "ApplicationUITests" */ = {
			isa = XCConfigurationList;
			buildConfigurations = (
				A49D3AD22641F4EB00519654 /* Debug */,
				A49D3AD32641F4EB00519654 /* Release */,
			);
			defaultConfigurationIsVisible = 0;
			defaultConfigurationName = Release;
		};
/* End XCConfigurationList section */
	};
	rootObject = A49D3A992641F4E900519654 /* Project object */;
}
